// !$*UTF8*$!
{
	archiveVersion = 1;
	classes = {
	};
	objectVersion = 56;
	objects = {

/* Begin PBXBuildFile section */
		C60922732A06511E0076E7E8 /* SearchResultCollectionSectionCell.swift in Sources */ = {isa = PBXBuildFile; fileRef = C60922722A06511E0076E7E8 /* SearchResultCollectionSectionCell.swift */; };
		C61066A429E2AC4C003448A0 /* MainTableCell.swift in Sources */ = {isa = PBXBuildFile; fileRef = C61066A329E2AC4C003448A0 /* MainTableCell.swift */; };
		C61066A629E39F1A003448A0 /* GoogleService-Info.plist in Resources */ = {isa = PBXBuildFile; fileRef = C61066A529E39F1A003448A0 /* GoogleService-Info.plist */; };
		C61066A829E3B213003448A0 /* SectionCellHeader.swift in Sources */ = {isa = PBXBuildFile; fileRef = C61066A729E3B213003448A0 /* SectionCellHeader.swift */; };
		C61066AA29E3B98F003448A0 /* HeroHeaderView.swift in Sources */ = {isa = PBXBuildFile; fileRef = C61066A929E3B98F003448A0 /* HeroHeaderView.swift */; };
		C61066AE29E3BFDD003448A0 /* MovieCollectionViewCell.swift in Sources */ = {isa = PBXBuildFile; fileRef = C61066AC29E3BFDD003448A0 /* MovieCollectionViewCell.swift */; };
		C61066AF29E3BFDD003448A0 /* MovieCollectionViewCell.xib in Resources */ = {isa = PBXBuildFile; fileRef = C61066AD29E3BFDD003448A0 /* MovieCollectionViewCell.xib */; };
		C61066B529E3F094003448A0 /* RightNavBarItems.swift in Sources */ = {isa = PBXBuildFile; fileRef = C61066B429E3F094003448A0 /* RightNavBarItems.swift */; };
		C61066B729E3F0A9003448A0 /* LeftNavBarItems.swift in Sources */ = {isa = PBXBuildFile; fileRef = C61066B629E3F0A9003448A0 /* LeftNavBarItems.swift */; };
		C636120729F05280004335E3 /* MovieTrailer.swift in Sources */ = {isa = PBXBuildFile; fileRef = C636120629F05280004335E3 /* MovieTrailer.swift */; };
		C636120929F0555D004335E3 /* APIConfig.swift in Sources */ = {isa = PBXBuildFile; fileRef = C636120829F0555D004335E3 /* APIConfig.swift */; };
		C637E61B29FFDA1700896DFB /* LoginViewController.swift in Sources */ = {isa = PBXBuildFile; fileRef = C637E61929FFDA1700896DFB /* LoginViewController.swift */; };
		C637E61C29FFDA1700896DFB /* LoginViewController.xib in Resources */ = {isa = PBXBuildFile; fileRef = C637E61A29FFDA1700896DFB /* LoginViewController.xib */; };
		C637E61E29FFDA2700896DFB /* LoginViewModel.swift in Sources */ = {isa = PBXBuildFile; fileRef = C637E61D29FFDA2700896DFB /* LoginViewModel.swift */; };
		C637E62129FFDA3600896DFB /* SignUpViewController.swift in Sources */ = {isa = PBXBuildFile; fileRef = C637E61F29FFDA3600896DFB /* SignUpViewController.swift */; };
		C637E62229FFDA3600896DFB /* SignUpViewController.xib in Resources */ = {isa = PBXBuildFile; fileRef = C637E62029FFDA3600896DFB /* SignUpViewController.xib */; };
		C637E62429FFDA4700896DFB /* SignUpViewModel.swift in Sources */ = {isa = PBXBuildFile; fileRef = C637E62329FFDA4700896DFB /* SignUpViewModel.swift */; };
		C637E6282A0018C800896DFB /* SearchResultViewController.swift in Sources */ = {isa = PBXBuildFile; fileRef = C637E6262A0018C800896DFB /* SearchResultViewController.swift */; };
		C637E6292A0018C800896DFB /* SearchResultViewController.xib in Resources */ = {isa = PBXBuildFile; fileRef = C637E6272A0018C800896DFB /* SearchResultViewController.xib */; };
		C64C33A029E687BA00029ABC /* MovieDetailViewController.swift in Sources */ = {isa = PBXBuildFile; fileRef = C64C339F29E687BA00029ABC /* MovieDetailViewController.swift */; };
		C64C33A229E6881100029ABC /* MovieDetailViewController.xib in Resources */ = {isa = PBXBuildFile; fileRef = C64C33A129E6881100029ABC /* MovieDetailViewController.xib */; };
		C64C33A629E6945100029ABC /* MovieDetailTableViewCell.swift in Sources */ = {isa = PBXBuildFile; fileRef = C64C33A429E6945100029ABC /* MovieDetailTableViewCell.swift */; };
		C64C33A729E6945100029ABC /* MovieDetailTableViewCell.xib in Resources */ = {isa = PBXBuildFile; fileRef = C64C33A529E6945100029ABC /* MovieDetailTableViewCell.xib */; };
		C64C33A929E797CA00029ABC /* APIService.swift in Sources */ = {isa = PBXBuildFile; fileRef = C64C33A829E797CA00029ABC /* APIService.swift */; };
		C64C33AB29E7984200029ABC /* Item.swift in Sources */ = {isa = PBXBuildFile; fileRef = C64C33AA29E7984200029ABC /* Item.swift */; };
		C64C33AE29E7A30B00029ABC /* HomeViewModel.swift in Sources */ = {isa = PBXBuildFile; fileRef = C64C33AD29E7A30B00029ABC /* HomeViewModel.swift */; };
		C64C33B329E7C41000029ABC /* SDWebImage in Frameworks */ = {isa = PBXBuildFile; productRef = C64C33B229E7C41000029ABC /* SDWebImage */; };
		C64C33B529E933CB00029ABC /* Genre.swift in Sources */ = {isa = PBXBuildFile; fileRef = C64C33B429E933CB00029ABC /* Genre.swift */; };
		C64C33B829E946DB00029ABC /* MovieDetailViewModel.swift in Sources */ = {isa = PBXBuildFile; fileRef = C64C33B729E946DB00029ABC /* MovieDetailViewModel.swift */; };
		C6C9EECD29F9720300759A6A /* ViewAllViewModel.swift in Sources */ = {isa = PBXBuildFile; fileRef = C6C9EECC29F9720300759A6A /* ViewAllViewModel.swift */; };
		C6CEAB4E2A04B96C00E8F02D /* SearchResultCollectionCell.swift in Sources */ = {isa = PBXBuildFile; fileRef = C6CEAB4C2A04B96C00E8F02D /* SearchResultCollectionCell.swift */; };
		C6CEAB4F2A04B96C00E8F02D /* SearchResultCollectionCell.xib in Resources */ = {isa = PBXBuildFile; fileRef = C6CEAB4D2A04B96C00E8F02D /* SearchResultCollectionCell.xib */; };
		C6D54C1E29F833D90034C72A /* ViewAllViewController.swift in Sources */ = {isa = PBXBuildFile; fileRef = C6D54C1C29F833D90034C72A /* ViewAllViewController.swift */; };
		C6D54C1F29F833D90034C72A /* ViewAllViewController.xib in Resources */ = {isa = PBXBuildFile; fileRef = C6D54C1D29F833D90034C72A /* ViewAllViewController.xib */; };
		C6D54C2429F834B50034C72A /* ViewAllMoviesTableCell.swift in Sources */ = {isa = PBXBuildFile; fileRef = C6D54C2229F834B50034C72A /* ViewAllMoviesTableCell.swift */; };
		C6D54C2529F834B50034C72A /* ViewAllMoviesTableCell.xib in Resources */ = {isa = PBXBuildFile; fileRef = C6D54C2329F834B50034C72A /* ViewAllMoviesTableCell.xib */; };
		C6D54C2729F844EB0034C72A /* UIViewController+UIGestureRecognizerDelegate.swift in Sources */ = {isa = PBXBuildFile; fileRef = C6D54C2629F844EB0034C72A /* UIViewController+UIGestureRecognizerDelegate.swift */; };
		C6DED6CB2A03980B00C4E586 /* Utilities.swift in Sources */ = {isa = PBXBuildFile; fileRef = C6DED6CA2A03980B00C4E586 /* Utilities.swift */; };
		C6EBD81A2A00C6AB00E27F14 /* GenreMoviesViewController.swift in Sources */ = {isa = PBXBuildFile; fileRef = C6EBD8182A00C6AB00E27F14 /* GenreMoviesViewController.swift */; };
		C6EBD81B2A00C6AB00E27F14 /* GenreMoviesViewController.xib in Resources */ = {isa = PBXBuildFile; fileRef = C6EBD8192A00C6AB00E27F14 /* GenreMoviesViewController.xib */; };
		C6EBD81D2A00C76400E27F14 /* GenreMoviesViewModel.swift in Sources */ = {isa = PBXBuildFile; fileRef = C6EBD81C2A00C76400E27F14 /* GenreMoviesViewModel.swift */; };
		C6ED48DC29DE844A0005D25F /* AppDelegate.swift in Sources */ = {isa = PBXBuildFile; fileRef = C6ED48DB29DE844A0005D25F /* AppDelegate.swift */; };
		C6ED48DE29DE844A0005D25F /* SceneDelegate.swift in Sources */ = {isa = PBXBuildFile; fileRef = C6ED48DD29DE844A0005D25F /* SceneDelegate.swift */; };
		C6ED48E029DE844A0005D25F /* ViewController.swift in Sources */ = {isa = PBXBuildFile; fileRef = C6ED48DF29DE844A0005D25F /* ViewController.swift */; };
		C6ED48E329DE844A0005D25F /* Main.storyboard in Resources */ = {isa = PBXBuildFile; fileRef = C6ED48E129DE844A0005D25F /* Main.storyboard */; };
		C6ED48E529DE844C0005D25F /* Assets.xcassets in Resources */ = {isa = PBXBuildFile; fileRef = C6ED48E429DE844C0005D25F /* Assets.xcassets */; };
		C6ED48E829DE844C0005D25F /* LaunchScreen.storyboard in Resources */ = {isa = PBXBuildFile; fileRef = C6ED48E629DE844C0005D25F /* LaunchScreen.storyboard */; };
		C6ED48FB29DE88590005D25F /* TabBarController.swift in Sources */ = {isa = PBXBuildFile; fileRef = C6ED48FA29DE88590005D25F /* TabBarController.swift */; };
		C6ED48FF29DE8A1A0005D25F /* HomeViewController.swift in Sources */ = {isa = PBXBuildFile; fileRef = C6ED48FD29DE8A1A0005D25F /* HomeViewController.swift */; };
		C6ED490029DE8A1A0005D25F /* HomeViewController.xib in Resources */ = {isa = PBXBuildFile; fileRef = C6ED48FE29DE8A1A0005D25F /* HomeViewController.xib */; };
		C6ED490429DE8A430005D25F /* ProfileViewController.swift in Sources */ = {isa = PBXBuildFile; fileRef = C6ED490229DE8A430005D25F /* ProfileViewController.swift */; };
		C6ED490529DE8A430005D25F /* ProfileViewController.xib in Resources */ = {isa = PBXBuildFile; fileRef = C6ED490329DE8A430005D25F /* ProfileViewController.xib */; };
		C6F6614E2A0245C400B09679 /* UISearchBar.swift in Sources */ = {isa = PBXBuildFile; fileRef = C6F6614D2A0245C400B09679 /* UISearchBar.swift */; };
		C6F661522A0250F700B09679 /* CircularScoreBar.swift in Sources */ = {isa = PBXBuildFile; fileRef = C6F661512A0250F700B09679 /* CircularScoreBar.swift */; };
		C6F661572A02546800B09679 /* SearchViewModel.swift in Sources */ = {isa = PBXBuildFile; fileRef = C6F661562A02546800B09679 /* SearchViewModel.swift */; };
		C6F6615A2A02549C00B09679 /* SearchTableCell.swift in Sources */ = {isa = PBXBuildFile; fileRef = C6F661582A02549C00B09679 /* SearchTableCell.swift */; };
		C6F6615B2A02549C00B09679 /* SearchTableCell.xib in Resources */ = {isa = PBXBuildFile; fileRef = C6F661592A02549C00B09679 /* SearchTableCell.xib */; };
		C6FB28B129E5192C00221FB5 /* NavigationBarGradientView.swift in Sources */ = {isa = PBXBuildFile; fileRef = C6FB28B029E5192C00221FB5 /* NavigationBarGradientView.swift */; };
		C6FB28B329E53A9100221FB5 /* MainTableCell.xib in Resources */ = {isa = PBXBuildFile; fileRef = C6FB28B229E53A9100221FB5 /* MainTableCell.xib */; };
		C6FB28B529E53E5200221FB5 /* DynamicHeightCollectionView.swift in Sources */ = {isa = PBXBuildFile; fileRef = C6FB28B429E53E5200221FB5 /* DynamicHeightCollectionView.swift */; };
		C6FB28BA29E63E1500221FB5 /* GenresTableCell.swift in Sources */ = {isa = PBXBuildFile; fileRef = C6FB28B929E63E1500221FB5 /* GenresTableCell.swift */; };
		C6FB28BD29E63E6F00221FB5 /* GenreCollectionViewCell.swift in Sources */ = {isa = PBXBuildFile; fileRef = C6FB28BB29E63E6F00221FB5 /* GenreCollectionViewCell.swift */; };
		C6FB28BE29E63E6F00221FB5 /* GenreCollectionViewCell.xib in Resources */ = {isa = PBXBuildFile; fileRef = C6FB28BC29E63E6F00221FB5 /* GenreCollectionViewCell.xib */; };
		C6FB28C829E648FC00221FB5 /* SearchViewController.swift in Sources */ = {isa = PBXBuildFile; fileRef = C6FB28C629E648FC00221FB5 /* SearchViewController.swift */; };
		C6FB28D229E651C600221FB5 /* ProfileHeaderTableCell.swift in Sources */ = {isa = PBXBuildFile; fileRef = C6FB28D029E651C600221FB5 /* ProfileHeaderTableCell.swift */; };
		C6FB28D329E651C600221FB5 /* ProfileHeaderTableCell.xib in Resources */ = {isa = PBXBuildFile; fileRef = C6FB28D129E651C600221FB5 /* ProfileHeaderTableCell.xib */; };
		C6FB28D729E666CF00221FB5 /* SettingTableCell.swift in Sources */ = {isa = PBXBuildFile; fileRef = C6FB28D529E666CF00221FB5 /* SettingTableCell.swift */; };
		C6FB28D829E666CF00221FB5 /* SettingTableCell.xib in Resources */ = {isa = PBXBuildFile; fileRef = C6FB28D629E666CF00221FB5 /* SettingTableCell.xib */; };
		C6FB28DD29E673CF00221FB5 /* FooterTableCell.swift in Sources */ = {isa = PBXBuildFile; fileRef = C6FB28DB29E673CF00221FB5 /* FooterTableCell.swift */; };
		C6FB28DE29E673CF00221FB5 /* FooterTableCell.xib in Resources */ = {isa = PBXBuildFile; fileRef = C6FB28DC29E673CF00221FB5 /* FooterTableCell.xib */; };
		C6FB28E229E67F4A00221FB5 /* SavedViewController.swift in Sources */ = {isa = PBXBuildFile; fileRef = C6FB28E029E67F4A00221FB5 /* SavedViewController.swift */; };
		C6FB28E329E67F4A00221FB5 /* SavedViewController.xib in Resources */ = {isa = PBXBuildFile; fileRef = C6FB28E129E67F4A00221FB5 /* SavedViewController.xib */; };
		ED763FBB291A3A33EA3F83F7 /* Pods_NetflixClone.framework in Frameworks */ = {isa = PBXBuildFile; fileRef = 1B5DFDDFDA0D15B536D5786E /* Pods_NetflixClone.framework */; };
/* End PBXBuildFile section */

/* Begin PBXFileReference section */
		1B5DFDDFDA0D15B536D5786E /* Pods_NetflixClone.framework */ = {isa = PBXFileReference; explicitFileType = wrapper.framework; includeInIndex = 0; path = Pods_NetflixClone.framework; sourceTree = BUILT_PRODUCTS_DIR; };
		3C8200695D2684E1089027DF /* Pods-NetflixClone.debug.xcconfig */ = {isa = PBXFileReference; includeInIndex = 1; lastKnownFileType = text.xcconfig; name = "Pods-NetflixClone.debug.xcconfig"; path = "Target Support Files/Pods-NetflixClone/Pods-NetflixClone.debug.xcconfig"; sourceTree = "<group>"; };
		B1593A984EAC966AAD114464 /* Pods-NetflixClone.release.xcconfig */ = {isa = PBXFileReference; includeInIndex = 1; lastKnownFileType = text.xcconfig; name = "Pods-NetflixClone.release.xcconfig"; path = "Target Support Files/Pods-NetflixClone/Pods-NetflixClone.release.xcconfig"; sourceTree = "<group>"; };
		C60922722A06511E0076E7E8 /* SearchResultCollectionSectionCell.swift */ = {isa = PBXFileReference; lastKnownFileType = sourcecode.swift; path = SearchResultCollectionSectionCell.swift; sourceTree = "<group>"; };
		C61066A329E2AC4C003448A0 /* MainTableCell.swift */ = {isa = PBXFileReference; lastKnownFileType = sourcecode.swift; path = MainTableCell.swift; sourceTree = "<group>"; };
		C61066A529E39F1A003448A0 /* GoogleService-Info.plist */ = {isa = PBXFileReference; fileEncoding = 4; lastKnownFileType = text.plist.xml; path = "GoogleService-Info.plist"; sourceTree = "<group>"; };
		C61066A729E3B213003448A0 /* SectionCellHeader.swift */ = {isa = PBXFileReference; lastKnownFileType = sourcecode.swift; path = SectionCellHeader.swift; sourceTree = "<group>"; };
		C61066A929E3B98F003448A0 /* HeroHeaderView.swift */ = {isa = PBXFileReference; lastKnownFileType = sourcecode.swift; path = HeroHeaderView.swift; sourceTree = "<group>"; };
		C61066AC29E3BFDD003448A0 /* MovieCollectionViewCell.swift */ = {isa = PBXFileReference; lastKnownFileType = sourcecode.swift; path = MovieCollectionViewCell.swift; sourceTree = "<group>"; };
		C61066AD29E3BFDD003448A0 /* MovieCollectionViewCell.xib */ = {isa = PBXFileReference; lastKnownFileType = file.xib; path = MovieCollectionViewCell.xib; sourceTree = "<group>"; };
		C61066B429E3F094003448A0 /* RightNavBarItems.swift */ = {isa = PBXFileReference; lastKnownFileType = sourcecode.swift; path = RightNavBarItems.swift; sourceTree = "<group>"; };
		C61066B629E3F0A9003448A0 /* LeftNavBarItems.swift */ = {isa = PBXFileReference; lastKnownFileType = sourcecode.swift; path = LeftNavBarItems.swift; sourceTree = "<group>"; };
		C636120629F05280004335E3 /* MovieTrailer.swift */ = {isa = PBXFileReference; lastKnownFileType = sourcecode.swift; path = MovieTrailer.swift; sourceTree = "<group>"; };
		C636120829F0555D004335E3 /* APIConfig.swift */ = {isa = PBXFileReference; lastKnownFileType = sourcecode.swift; path = APIConfig.swift; sourceTree = "<group>"; };
		C637E61929FFDA1700896DFB /* LoginViewController.swift */ = {isa = PBXFileReference; lastKnownFileType = sourcecode.swift; path = LoginViewController.swift; sourceTree = "<group>"; };
		C637E61A29FFDA1700896DFB /* LoginViewController.xib */ = {isa = PBXFileReference; lastKnownFileType = file.xib; path = LoginViewController.xib; sourceTree = "<group>"; };
		C637E61D29FFDA2700896DFB /* LoginViewModel.swift */ = {isa = PBXFileReference; lastKnownFileType = sourcecode.swift; path = LoginViewModel.swift; sourceTree = "<group>"; };
		C637E61F29FFDA3600896DFB /* SignUpViewController.swift */ = {isa = PBXFileReference; lastKnownFileType = sourcecode.swift; path = SignUpViewController.swift; sourceTree = "<group>"; };
		C637E62029FFDA3600896DFB /* SignUpViewController.xib */ = {isa = PBXFileReference; lastKnownFileType = file.xib; path = SignUpViewController.xib; sourceTree = "<group>"; };
		C637E62329FFDA4700896DFB /* SignUpViewModel.swift */ = {isa = PBXFileReference; lastKnownFileType = sourcecode.swift; path = SignUpViewModel.swift; sourceTree = "<group>"; };
		C637E6262A0018C800896DFB /* SearchResultViewController.swift */ = {isa = PBXFileReference; lastKnownFileType = sourcecode.swift; path = SearchResultViewController.swift; sourceTree = "<group>"; };
		C637E6272A0018C800896DFB /* SearchResultViewController.xib */ = {isa = PBXFileReference; lastKnownFileType = file.xib; path = SearchResultViewController.xib; sourceTree = "<group>"; };
		C64C339F29E687BA00029ABC /* MovieDetailViewController.swift */ = {isa = PBXFileReference; lastKnownFileType = sourcecode.swift; path = MovieDetailViewController.swift; sourceTree = "<group>"; };
		C64C33A129E6881100029ABC /* MovieDetailViewController.xib */ = {isa = PBXFileReference; fileEncoding = 4; lastKnownFileType = file.xib; path = MovieDetailViewController.xib; sourceTree = "<group>"; };
		C64C33A429E6945100029ABC /* MovieDetailTableViewCell.swift */ = {isa = PBXFileReference; lastKnownFileType = sourcecode.swift; path = MovieDetailTableViewCell.swift; sourceTree = "<group>"; };
		C64C33A529E6945100029ABC /* MovieDetailTableViewCell.xib */ = {isa = PBXFileReference; lastKnownFileType = file.xib; path = MovieDetailTableViewCell.xib; sourceTree = "<group>"; };
		C64C33A829E797CA00029ABC /* APIService.swift */ = {isa = PBXFileReference; lastKnownFileType = sourcecode.swift; path = APIService.swift; sourceTree = "<group>"; };
		C64C33AA29E7984200029ABC /* Item.swift */ = {isa = PBXFileReference; lastKnownFileType = sourcecode.swift; path = Item.swift; sourceTree = "<group>"; };
		C64C33AD29E7A30B00029ABC /* HomeViewModel.swift */ = {isa = PBXFileReference; lastKnownFileType = sourcecode.swift; path = HomeViewModel.swift; sourceTree = "<group>"; };
		C64C33B429E933CB00029ABC /* Genre.swift */ = {isa = PBXFileReference; lastKnownFileType = sourcecode.swift; path = Genre.swift; sourceTree = "<group>"; };
		C64C33B729E946DB00029ABC /* MovieDetailViewModel.swift */ = {isa = PBXFileReference; lastKnownFileType = sourcecode.swift; path = MovieDetailViewModel.swift; sourceTree = "<group>"; };
		C6C9EECC29F9720300759A6A /* ViewAllViewModel.swift */ = {isa = PBXFileReference; lastKnownFileType = sourcecode.swift; path = ViewAllViewModel.swift; sourceTree = "<group>"; };
		C6CEAB4C2A04B96C00E8F02D /* SearchResultCollectionCell.swift */ = {isa = PBXFileReference; lastKnownFileType = sourcecode.swift; path = SearchResultCollectionCell.swift; sourceTree = "<group>"; };
		C6CEAB4D2A04B96C00E8F02D /* SearchResultCollectionCell.xib */ = {isa = PBXFileReference; lastKnownFileType = file.xib; path = SearchResultCollectionCell.xib; sourceTree = "<group>"; };
		C6D54C1C29F833D90034C72A /* ViewAllViewController.swift */ = {isa = PBXFileReference; lastKnownFileType = sourcecode.swift; path = ViewAllViewController.swift; sourceTree = "<group>"; };
		C6D54C1D29F833D90034C72A /* ViewAllViewController.xib */ = {isa = PBXFileReference; lastKnownFileType = file.xib; path = ViewAllViewController.xib; sourceTree = "<group>"; };
		C6D54C2229F834B50034C72A /* ViewAllMoviesTableCell.swift */ = {isa = PBXFileReference; lastKnownFileType = sourcecode.swift; path = ViewAllMoviesTableCell.swift; sourceTree = "<group>"; };
		C6D54C2329F834B50034C72A /* ViewAllMoviesTableCell.xib */ = {isa = PBXFileReference; lastKnownFileType = file.xib; path = ViewAllMoviesTableCell.xib; sourceTree = "<group>"; };
		C6D54C2629F844EB0034C72A /* UIViewController+UIGestureRecognizerDelegate.swift */ = {isa = PBXFileReference; lastKnownFileType = sourcecode.swift; path = "UIViewController+UIGestureRecognizerDelegate.swift"; sourceTree = "<group>"; };
		C6DED6CA2A03980B00C4E586 /* Utilities.swift */ = {isa = PBXFileReference; lastKnownFileType = sourcecode.swift; path = Utilities.swift; sourceTree = "<group>"; };
		C6EBD8182A00C6AB00E27F14 /* GenreMoviesViewController.swift */ = {isa = PBXFileReference; lastKnownFileType = sourcecode.swift; path = GenreMoviesViewController.swift; sourceTree = "<group>"; };
		C6EBD8192A00C6AB00E27F14 /* GenreMoviesViewController.xib */ = {isa = PBXFileReference; lastKnownFileType = file.xib; path = GenreMoviesViewController.xib; sourceTree = "<group>"; };
		C6EBD81C2A00C76400E27F14 /* GenreMoviesViewModel.swift */ = {isa = PBXFileReference; lastKnownFileType = sourcecode.swift; path = GenreMoviesViewModel.swift; sourceTree = "<group>"; };
		C6ED48D829DE844A0005D25F /* NetflixClone.app */ = {isa = PBXFileReference; explicitFileType = wrapper.application; includeInIndex = 0; path = NetflixClone.app; sourceTree = BUILT_PRODUCTS_DIR; };
		C6ED48DB29DE844A0005D25F /* AppDelegate.swift */ = {isa = PBXFileReference; lastKnownFileType = sourcecode.swift; path = AppDelegate.swift; sourceTree = "<group>"; };
		C6ED48DD29DE844A0005D25F /* SceneDelegate.swift */ = {isa = PBXFileReference; lastKnownFileType = sourcecode.swift; path = SceneDelegate.swift; sourceTree = "<group>"; };
		C6ED48DF29DE844A0005D25F /* ViewController.swift */ = {isa = PBXFileReference; lastKnownFileType = sourcecode.swift; path = ViewController.swift; sourceTree = "<group>"; };
		C6ED48E229DE844A0005D25F /* Base */ = {isa = PBXFileReference; lastKnownFileType = file.storyboard; name = Base; path = Base.lproj/Main.storyboard; sourceTree = "<group>"; };
		C6ED48E429DE844C0005D25F /* Assets.xcassets */ = {isa = PBXFileReference; lastKnownFileType = folder.assetcatalog; path = Assets.xcassets; sourceTree = "<group>"; };
		C6ED48E729DE844C0005D25F /* Base */ = {isa = PBXFileReference; lastKnownFileType = file.storyboard; name = Base; path = Base.lproj/LaunchScreen.storyboard; sourceTree = "<group>"; };
		C6ED48E929DE844C0005D25F /* Info.plist */ = {isa = PBXFileReference; lastKnownFileType = text.plist.xml; path = Info.plist; sourceTree = "<group>"; };
		C6ED48FA29DE88590005D25F /* TabBarController.swift */ = {isa = PBXFileReference; lastKnownFileType = sourcecode.swift; path = TabBarController.swift; sourceTree = "<group>"; };
		C6ED48FD29DE8A1A0005D25F /* HomeViewController.swift */ = {isa = PBXFileReference; lastKnownFileType = sourcecode.swift; path = HomeViewController.swift; sourceTree = "<group>"; };
		C6ED48FE29DE8A1A0005D25F /* HomeViewController.xib */ = {isa = PBXFileReference; lastKnownFileType = file.xib; path = HomeViewController.xib; sourceTree = "<group>"; };
		C6ED490229DE8A430005D25F /* ProfileViewController.swift */ = {isa = PBXFileReference; lastKnownFileType = sourcecode.swift; path = ProfileViewController.swift; sourceTree = "<group>"; };
		C6ED490329DE8A430005D25F /* ProfileViewController.xib */ = {isa = PBXFileReference; lastKnownFileType = file.xib; path = ProfileViewController.xib; sourceTree = "<group>"; };
		C6F6614D2A0245C400B09679 /* UISearchBar.swift */ = {isa = PBXFileReference; lastKnownFileType = sourcecode.swift; path = UISearchBar.swift; sourceTree = "<group>"; };
		C6F661512A0250F700B09679 /* CircularScoreBar.swift */ = {isa = PBXFileReference; lastKnownFileType = sourcecode.swift; path = CircularScoreBar.swift; sourceTree = "<group>"; };
		C6F661562A02546800B09679 /* SearchViewModel.swift */ = {isa = PBXFileReference; lastKnownFileType = sourcecode.swift; path = SearchViewModel.swift; sourceTree = "<group>"; };
		C6F661582A02549C00B09679 /* SearchTableCell.swift */ = {isa = PBXFileReference; lastKnownFileType = sourcecode.swift; path = SearchTableCell.swift; sourceTree = "<group>"; };
		C6F661592A02549C00B09679 /* SearchTableCell.xib */ = {isa = PBXFileReference; lastKnownFileType = file.xib; path = SearchTableCell.xib; sourceTree = "<group>"; };
		C6FB28B029E5192C00221FB5 /* NavigationBarGradientView.swift */ = {isa = PBXFileReference; lastKnownFileType = sourcecode.swift; path = NavigationBarGradientView.swift; sourceTree = "<group>"; };
		C6FB28B229E53A9100221FB5 /* MainTableCell.xib */ = {isa = PBXFileReference; lastKnownFileType = file.xib; path = MainTableCell.xib; sourceTree = "<group>"; };
		C6FB28B429E53E5200221FB5 /* DynamicHeightCollectionView.swift */ = {isa = PBXFileReference; lastKnownFileType = sourcecode.swift; path = DynamicHeightCollectionView.swift; sourceTree = "<group>"; };
		C6FB28B929E63E1500221FB5 /* GenresTableCell.swift */ = {isa = PBXFileReference; lastKnownFileType = sourcecode.swift; path = GenresTableCell.swift; sourceTree = "<group>"; };
		C6FB28BB29E63E6F00221FB5 /* GenreCollectionViewCell.swift */ = {isa = PBXFileReference; lastKnownFileType = sourcecode.swift; path = GenreCollectionViewCell.swift; sourceTree = "<group>"; };
		C6FB28BC29E63E6F00221FB5 /* GenreCollectionViewCell.xib */ = {isa = PBXFileReference; lastKnownFileType = file.xib; path = GenreCollectionViewCell.xib; sourceTree = "<group>"; };
		C6FB28C629E648FC00221FB5 /* SearchViewController.swift */ = {isa = PBXFileReference; lastKnownFileType = sourcecode.swift; path = SearchViewController.swift; sourceTree = "<group>"; };
		C6FB28D029E651C600221FB5 /* ProfileHeaderTableCell.swift */ = {isa = PBXFileReference; lastKnownFileType = sourcecode.swift; path = ProfileHeaderTableCell.swift; sourceTree = "<group>"; };
		C6FB28D129E651C600221FB5 /* ProfileHeaderTableCell.xib */ = {isa = PBXFileReference; lastKnownFileType = file.xib; path = ProfileHeaderTableCell.xib; sourceTree = "<group>"; };
		C6FB28D529E666CF00221FB5 /* SettingTableCell.swift */ = {isa = PBXFileReference; lastKnownFileType = sourcecode.swift; path = SettingTableCell.swift; sourceTree = "<group>"; };
		C6FB28D629E666CF00221FB5 /* SettingTableCell.xib */ = {isa = PBXFileReference; lastKnownFileType = file.xib; path = SettingTableCell.xib; sourceTree = "<group>"; };
		C6FB28DB29E673CF00221FB5 /* FooterTableCell.swift */ = {isa = PBXFileReference; lastKnownFileType = sourcecode.swift; path = FooterTableCell.swift; sourceTree = "<group>"; };
		C6FB28DC29E673CF00221FB5 /* FooterTableCell.xib */ = {isa = PBXFileReference; lastKnownFileType = file.xib; path = FooterTableCell.xib; sourceTree = "<group>"; };
		C6FB28E029E67F4A00221FB5 /* SavedViewController.swift */ = {isa = PBXFileReference; lastKnownFileType = sourcecode.swift; path = SavedViewController.swift; sourceTree = "<group>"; };
		C6FB28E129E67F4A00221FB5 /* SavedViewController.xib */ = {isa = PBXFileReference; lastKnownFileType = file.xib; path = SavedViewController.xib; sourceTree = "<group>"; };
/* End PBXFileReference section */

/* Begin PBXFrameworksBuildPhase section */
		C6ED48D529DE844A0005D25F /* Frameworks */ = {
			isa = PBXFrameworksBuildPhase;
			buildActionMask = 2147483647;
			files = (
				C64C33B329E7C41000029ABC /* SDWebImage in Frameworks */,
				ED763FBB291A3A33EA3F83F7 /* Pods_NetflixClone.framework in Frameworks */,
			);
			runOnlyForDeploymentPostprocessing = 0;
		};
/* End PBXFrameworksBuildPhase section */

/* Begin PBXGroup section */
		09FFF2CB02BF47BD9BEF2DB0 /* Frameworks */ = {
			isa = PBXGroup;
			children = (
				1B5DFDDFDA0D15B536D5786E /* Pods_NetflixClone.framework */,
			);
			name = Frameworks;
			sourceTree = "<group>";
		};
		AA49841EE9B712F15D3687B3 /* Pods */ = {
			isa = PBXGroup;
			children = (
				3C8200695D2684E1089027DF /* Pods-NetflixClone.debug.xcconfig */,
				B1593A984EAC966AAD114464 /* Pods-NetflixClone.release.xcconfig */,
			);
			path = Pods;
			sourceTree = "<group>";
		};
		C60922712A0650E40076E7E8 /* Collection Section Cell */ = {
			isa = PBXGroup;
			children = (
				C60922722A06511E0076E7E8 /* SearchResultCollectionSectionCell.swift */,
			);
			path = "Collection Section Cell";
			sourceTree = "<group>";
		};
		C61066A229E2ABFD003448A0 /* TableCell */ = {
			isa = PBXGroup;
			children = (
				C6FB28B729E63CE900221FB5 /* Header */,
				C6FB28B629E63CD000221FB5 /* Contents */,
			);
			path = TableCell;
			sourceTree = "<group>";
		};
		C61066AB29E3BF1E003448A0 /* CollectionCell */ = {
			isa = PBXGroup;
			children = (
				C6FB28C029E63F2B00221FB5 /* Genre */,
				C6FB28BF29E63EFA00221FB5 /* Movie */,
			);
			path = CollectionCell;
			sourceTree = "<group>";
		};
		C61066B329E3F011003448A0 /* NavigationBar */ = {
			isa = PBXGroup;
			children = (
				C61066B429E3F094003448A0 /* RightNavBarItems.swift */,
				C61066B629E3F0A9003448A0 /* LeftNavBarItems.swift */,
			);
			path = NavigationBar;
			sourceTree = "<group>";
		};
		C61066B829E3F5FA003448A0 /* Movie Detail */ = {
			isa = PBXGroup;
			children = (
				C64C33B629E946C700029ABC /* View Models */,
				C6FB28E829E6803900221FB5 /* Views */,
			);
			path = "Movie Detail";
			sourceTree = "<group>";
		};
		C637E61529FFD9D300896DFB /* Views */ = {
			isa = PBXGroup;
			children = (
				C637E61929FFDA1700896DFB /* LoginViewController.swift */,
				C637E61A29FFDA1700896DFB /* LoginViewController.xib */,
			);
			path = Views;
			sourceTree = "<group>";
		};
		C637E61629FFD9E400896DFB /* View Models */ = {
			isa = PBXGroup;
			children = (
				C637E61D29FFDA2700896DFB /* LoginViewModel.swift */,
			);
			path = "View Models";
			sourceTree = "<group>";
		};
		C637E61729FFD9EC00896DFB /* Views */ = {
			isa = PBXGroup;
			children = (
				C637E61F29FFDA3600896DFB /* SignUpViewController.swift */,
				C637E62029FFDA3600896DFB /* SignUpViewController.xib */,
			);
			path = Views;
			sourceTree = "<group>";
		};
		C637E61829FFD9F400896DFB /* View Models */ = {
			isa = PBXGroup;
			children = (
				C637E62329FFDA4700896DFB /* SignUpViewModel.swift */,
			);
			path = "View Models";
			sourceTree = "<group>";
		};
		C637E6252A0018A700896DFB /* Views */ = {
			isa = PBXGroup;
			children = (
				C60922712A0650E40076E7E8 /* Collection Section Cell */,
				C6CEAB4B2A04B94100E8F02D /* Collection Cells */,
				C6F661542A02543F00B09679 /* Controllers */,
				C6F661532A02542500B09679 /* Table Cells */,
			);
			path = Views;
			sourceTree = "<group>";
		};
		C64C33A329E688F400029ABC /* Table Cells */ = {
			isa = PBXGroup;
			children = (
				C64C33A429E6945100029ABC /* MovieDetailTableViewCell.swift */,
				C64C33A529E6945100029ABC /* MovieDetailTableViewCell.xib */,
			);
			path = "Table Cells";
			sourceTree = "<group>";
		};
		C64C33AC29E7A2F900029ABC /* View Models */ = {
			isa = PBXGroup;
			children = (
				C64C33AD29E7A30B00029ABC /* HomeViewModel.swift */,
			);
			path = "View Models";
			sourceTree = "<group>";
		};
		C64C33B629E946C700029ABC /* View Models */ = {
			isa = PBXGroup;
			children = (
				C64C33B729E946DB00029ABC /* MovieDetailViewModel.swift */,
			);
			path = "View Models";
			sourceTree = "<group>";
		};
		C6CEAB4B2A04B94100E8F02D /* Collection Cells */ = {
			isa = PBXGroup;
			children = (
				C6CEAB4C2A04B96C00E8F02D /* SearchResultCollectionCell.swift */,
				C6CEAB4D2A04B96C00E8F02D /* SearchResultCollectionCell.xib */,
			);
			path = "Collection Cells";
			sourceTree = "<group>";
		};
		C6D54C1A29F833B50034C72A /* Views */ = {
			isa = PBXGroup;
			children = (
				C6D54C2129F8348D0034C72A /* Controllers */,
				C6D54C2029F834800034C72A /* Table Cell */,
			);
			path = Views;
			sourceTree = "<group>";
		};
		C6D54C1B29F833BD0034C72A /* View Models */ = {
			isa = PBXGroup;
			children = (
				C6C9EECC29F9720300759A6A /* ViewAllViewModel.swift */,
			);
			path = "View Models";
			sourceTree = "<group>";
		};
		C6D54C2029F834800034C72A /* Table Cell */ = {
			isa = PBXGroup;
			children = (
				C6D54C2229F834B50034C72A /* ViewAllMoviesTableCell.swift */,
				C6D54C2329F834B50034C72A /* ViewAllMoviesTableCell.xib */,
			);
			path = "Table Cell";
			sourceTree = "<group>";
		};
		C6D54C2129F8348D0034C72A /* Controllers */ = {
			isa = PBXGroup;
			children = (
				C6D54C1C29F833D90034C72A /* ViewAllViewController.swift */,
				C6D54C1D29F833D90034C72A /* ViewAllViewController.xib */,
			);
			path = Controllers;
			sourceTree = "<group>";
		};
		C6EBD80C2A00BDEF00E27F14 /* Movies In a Genre */ = {
			isa = PBXGroup;
			children = (
				C6EBD8162A00C50D00E27F14 /* View Models */,
				C6EBD8112A00C4D000E27F14 /* Views */,
			);
			path = "Movies In a Genre";
			sourceTree = "<group>";
		};
		C6EBD8112A00C4D000E27F14 /* Views */ = {
			isa = PBXGroup;
			children = (
				C6EBD8182A00C6AB00E27F14 /* GenreMoviesViewController.swift */,
				C6EBD8192A00C6AB00E27F14 /* GenreMoviesViewController.xib */,
			);
			path = Views;
			sourceTree = "<group>";
		};
		C6EBD8162A00C50D00E27F14 /* View Models */ = {
			isa = PBXGroup;
			children = (
				C6EBD81C2A00C76400E27F14 /* GenreMoviesViewModel.swift */,
			);
			path = "View Models";
			sourceTree = "<group>";
		};
		C6ED48CF29DE844A0005D25F = {
			isa = PBXGroup;
			children = (
				C6ED48DA29DE844A0005D25F /* NetflixClone */,
				C6ED48D929DE844A0005D25F /* Products */,
				AA49841EE9B712F15D3687B3 /* Pods */,
				09FFF2CB02BF47BD9BEF2DB0 /* Frameworks */,
			);
			sourceTree = "<group>";
		};
		C6ED48D929DE844A0005D25F /* Products */ = {
			isa = PBXGroup;
			children = (
				C6ED48D829DE844A0005D25F /* NetflixClone.app */,
			);
			name = Products;
			sourceTree = "<group>";
		};
		C6ED48DA29DE844A0005D25F /* NetflixClone */ = {
			isa = PBXGroup;
			children = (
				C6F6614F2A0250D700B09679 /* Helpers */,
				C6ED48F929DE882A0005D25F /* Core */,
				C6ED48F829DE865F0005D25F /* Extensions */,
				C6ED48F329DE85AE0005D25F /* Resources */,
				C6ED48F229DE859E0005D25F /* Delegates */,
				C6ED48F129DE858D0005D25F /* Models */,
				C6ED48F029DE85840005D25F /* Networking */,
				C6ED48EF29DE85780005D25F /* Modules */,
				C6ED48DF29DE844A0005D25F /* ViewController.swift */,
				C6ED48E129DE844A0005D25F /* Main.storyboard */,
				C6ED48E629DE844C0005D25F /* LaunchScreen.storyboard */,
				C6ED48E929DE844C0005D25F /* Info.plist */,
				C61066A529E39F1A003448A0 /* GoogleService-Info.plist */,
			);
			path = NetflixClone;
			sourceTree = "<group>";
		};
		C6ED48EF29DE85780005D25F /* Modules */ = {
			isa = PBXGroup;
			children = (
				C6EBD80C2A00BDEF00E27F14 /* Movies In a Genre */,
				C6FB28DF29E67F3100221FB5 /* Saved */,
				C6FB28C529E648BD00221FB5 /* Search */,
				C6FB28C429E6477F00221FB5 /* View All */,
				C61066B829E3F5FA003448A0 /* Movie Detail */,
				C6ED48F729DE85FB0005D25F /* Sign Up */,
				C6ED48F629DE85D80005D25F /* Login */,
				C6ED48F429DE85C20005D25F /* Home */,
				C6ED48F529DE85CA0005D25F /* Profile */,
			);
			path = Modules;
			sourceTree = "<group>";
		};
		C6ED48F029DE85840005D25F /* Networking */ = {
			isa = PBXGroup;
			children = (
				C64C33A829E797CA00029ABC /* APIService.swift */,
				C636120829F0555D004335E3 /* APIConfig.swift */,
			);
			path = Networking;
			sourceTree = "<group>";
		};
		C6ED48F129DE858D0005D25F /* Models */ = {
			isa = PBXGroup;
			children = (
				C64C33AA29E7984200029ABC /* Item.swift */,
				C64C33B429E933CB00029ABC /* Genre.swift */,
				C636120629F05280004335E3 /* MovieTrailer.swift */,
			);
			path = Models;
			sourceTree = "<group>";
		};
		C6ED48F229DE859E0005D25F /* Delegates */ = {
			isa = PBXGroup;
			children = (
				C6ED48DB29DE844A0005D25F /* AppDelegate.swift */,
				C6ED48DD29DE844A0005D25F /* SceneDelegate.swift */,
			);
			path = Delegates;
			sourceTree = "<group>";
		};
		C6ED48F329DE85AE0005D25F /* Resources */ = {
			isa = PBXGroup;
			children = (
				C6ED48E429DE844C0005D25F /* Assets.xcassets */,
			);
			path = Resources;
			sourceTree = "<group>";
		};
		C6ED48F429DE85C20005D25F /* Home */ = {
			isa = PBXGroup;
			children = (
				C64C33AC29E7A2F900029ABC /* View Models */,
				C6ED48FC29DE89F60005D25F /* Views */,
			);
			path = Home;
			sourceTree = "<group>";
		};
		C6ED48F529DE85CA0005D25F /* Profile */ = {
			isa = PBXGroup;
			children = (
				C6ED490129DE8A2A0005D25F /* Views */,
			);
			path = Profile;
			sourceTree = "<group>";
		};
		C6ED48F629DE85D80005D25F /* Login */ = {
			isa = PBXGroup;
			children = (
				C637E61629FFD9E400896DFB /* View Models */,
				C637E61529FFD9D300896DFB /* Views */,
			);
			path = Login;
			sourceTree = "<group>";
		};
		C6ED48F729DE85FB0005D25F /* Sign Up */ = {
			isa = PBXGroup;
			children = (
				C637E61829FFD9F400896DFB /* View Models */,
				C637E61729FFD9EC00896DFB /* Views */,
			);
			path = "Sign Up";
			sourceTree = "<group>";
		};
		C6ED48F829DE865F0005D25F /* Extensions */ = {
			isa = PBXGroup;
			children = (
				C6FB28B029E5192C00221FB5 /* NavigationBarGradientView.swift */,
				C6FB28B429E53E5200221FB5 /* DynamicHeightCollectionView.swift */,
				C6D54C2629F844EB0034C72A /* UIViewController+UIGestureRecognizerDelegate.swift */,
				C6F6614D2A0245C400B09679 /* UISearchBar.swift */,
			);
			path = Extensions;
			sourceTree = "<group>";
		};
		C6ED48F929DE882A0005D25F /* Core */ = {
			isa = PBXGroup;
			children = (
				C6ED48FA29DE88590005D25F /* TabBarController.swift */,
			);
			path = Core;
			sourceTree = "<group>";
		};
		C6ED48FC29DE89F60005D25F /* Views */ = {
			isa = PBXGroup;
			children = (
				C6FB28B829E63D1B00221FB5 /* Controllers */,
				C61066B329E3F011003448A0 /* NavigationBar */,
				C61066AB29E3BF1E003448A0 /* CollectionCell */,
				C61066A229E2ABFD003448A0 /* TableCell */,
			);
			path = Views;
			sourceTree = "<group>";
		};
		C6ED490129DE8A2A0005D25F /* Views */ = {
			isa = PBXGroup;
			children = (
				C6FB28CB29E6517700221FB5 /* Controllers */,
				C6FB28CA29E6516C00221FB5 /* Table Cells */,
			);
			path = Views;
			sourceTree = "<group>";
		};
		C6F6614F2A0250D700B09679 /* Helpers */ = {
			isa = PBXGroup;
			children = (
				C6F661512A0250F700B09679 /* CircularScoreBar.swift */,
				C6DED6CA2A03980B00C4E586 /* Utilities.swift */,
			);
			path = Helpers;
			sourceTree = "<group>";
		};
		C6F661532A02542500B09679 /* Table Cells */ = {
			isa = PBXGroup;
			children = (
				C6F661582A02549C00B09679 /* SearchTableCell.swift */,
				C6F661592A02549C00B09679 /* SearchTableCell.xib */,
			);
			path = "Table Cells";
			sourceTree = "<group>";
		};
		C6F661542A02543F00B09679 /* Controllers */ = {
			isa = PBXGroup;
			children = (
				C637E6262A0018C800896DFB /* SearchResultViewController.swift */,
				C6FB28C629E648FC00221FB5 /* SearchViewController.swift */,
				C637E6272A0018C800896DFB /* SearchResultViewController.xib */,
			);
			path = Controllers;
			sourceTree = "<group>";
		};
		C6F661552A02545400B09679 /* View Models */ = {
			isa = PBXGroup;
			children = (
				C6F661562A02546800B09679 /* SearchViewModel.swift */,
			);
			path = "View Models";
			sourceTree = "<group>";
		};
		C6FB28B629E63CD000221FB5 /* Contents */ = {
			isa = PBXGroup;
			children = (
				C6FB28C129E63F4E00221FB5 /* Section Header */,
				C6FB28C329E63F8B00221FB5 /* Genres */,
				C6FB28C229E63F7400221FB5 /* Main Cell */,
			);
			path = Contents;
			sourceTree = "<group>";
		};
		C6FB28B729E63CE900221FB5 /* Header */ = {
			isa = PBXGroup;
			children = (
				C61066A929E3B98F003448A0 /* HeroHeaderView.swift */,
			);
			path = Header;
			sourceTree = "<group>";
		};
		C6FB28B829E63D1B00221FB5 /* Controllers */ = {
			isa = PBXGroup;
			children = (
				C6ED48FD29DE8A1A0005D25F /* HomeViewController.swift */,
				C6ED48FE29DE8A1A0005D25F /* HomeViewController.xib */,
			);
			path = Controllers;
			sourceTree = "<group>";
		};
		C6FB28BF29E63EFA00221FB5 /* Movie */ = {
			isa = PBXGroup;
			children = (
				C61066AC29E3BFDD003448A0 /* MovieCollectionViewCell.swift */,
				C61066AD29E3BFDD003448A0 /* MovieCollectionViewCell.xib */,
			);
			path = Movie;
			sourceTree = "<group>";
		};
		C6FB28C029E63F2B00221FB5 /* Genre */ = {
			isa = PBXGroup;
			children = (
				C6FB28BB29E63E6F00221FB5 /* GenreCollectionViewCell.swift */,
				C6FB28BC29E63E6F00221FB5 /* GenreCollectionViewCell.xib */,
			);
			path = Genre;
			sourceTree = "<group>";
		};
		C6FB28C129E63F4E00221FB5 /* Section Header */ = {
			isa = PBXGroup;
			children = (
				C61066A729E3B213003448A0 /* SectionCellHeader.swift */,
			);
			path = "Section Header";
			sourceTree = "<group>";
		};
		C6FB28C229E63F7400221FB5 /* Main Cell */ = {
			isa = PBXGroup;
			children = (
				C61066A329E2AC4C003448A0 /* MainTableCell.swift */,
				C6FB28B229E53A9100221FB5 /* MainTableCell.xib */,
			);
			path = "Main Cell";
			sourceTree = "<group>";
		};
		C6FB28C329E63F8B00221FB5 /* Genres */ = {
			isa = PBXGroup;
			children = (
				C6FB28B929E63E1500221FB5 /* GenresTableCell.swift */,
			);
			path = Genres;
			sourceTree = "<group>";
		};
		C6FB28C429E6477F00221FB5 /* View All */ = {
			isa = PBXGroup;
			children = (
				C6D54C1B29F833BD0034C72A /* View Models */,
				C6D54C1A29F833B50034C72A /* Views */,
			);
			path = "View All";
			sourceTree = "<group>";
		};
		C6FB28C529E648BD00221FB5 /* Search */ = {
			isa = PBXGroup;
			children = (
				C6F661552A02545400B09679 /* View Models */,
				C637E6252A0018A700896DFB /* Views */,
			);
			path = Search;
			sourceTree = "<group>";
		};
		C6FB28CA29E6516C00221FB5 /* Table Cells */ = {
			isa = PBXGroup;
			children = (
				C6FB28DA29E6738A00221FB5 /* Footer */,
				C6FB28D929E6737B00221FB5 /* Header */,
				C6FB28D429E666B400221FB5 /* Setting */,
			);
			path = "Table Cells";
			sourceTree = "<group>";
		};
		C6FB28CB29E6517700221FB5 /* Controllers */ = {
			isa = PBXGroup;
			children = (
				C6ED490229DE8A430005D25F /* ProfileViewController.swift */,
				C6ED490329DE8A430005D25F /* ProfileViewController.xib */,
			);
			path = Controllers;
			sourceTree = "<group>";
		};
		C6FB28D429E666B400221FB5 /* Setting */ = {
			isa = PBXGroup;
			children = (
				C6FB28D529E666CF00221FB5 /* SettingTableCell.swift */,
				C6FB28D629E666CF00221FB5 /* SettingTableCell.xib */,
			);
			path = Setting;
			sourceTree = "<group>";
		};
		C6FB28D929E6737B00221FB5 /* Header */ = {
			isa = PBXGroup;
			children = (
				C6FB28D029E651C600221FB5 /* ProfileHeaderTableCell.swift */,
				C6FB28D129E651C600221FB5 /* ProfileHeaderTableCell.xib */,
			);
			path = Header;
			sourceTree = "<group>";
		};
		C6FB28DA29E6738A00221FB5 /* Footer */ = {
			isa = PBXGroup;
			children = (
				C6FB28DB29E673CF00221FB5 /* FooterTableCell.swift */,
				C6FB28DC29E673CF00221FB5 /* FooterTableCell.xib */,
			);
			path = Footer;
			sourceTree = "<group>";
		};
		C6FB28DF29E67F3100221FB5 /* Saved */ = {
			isa = PBXGroup;
			children = (
				C6FB28E029E67F4A00221FB5 /* SavedViewController.swift */,
				C6FB28E129E67F4A00221FB5 /* SavedViewController.xib */,
			);
			path = Saved;
			sourceTree = "<group>";
		};
		C6FB28E829E6803900221FB5 /* Views */ = {
			isa = PBXGroup;
			children = (
				C64C33A329E688F400029ABC /* Table Cells */,
				C6FB28EA29E6804900221FB5 /* Controllers */,
			);
			path = Views;
			sourceTree = "<group>";
		};
		C6FB28EA29E6804900221FB5 /* Controllers */ = {
			isa = PBXGroup;
			children = (
				C64C33A129E6881100029ABC /* MovieDetailViewController.xib */,
				C64C339F29E687BA00029ABC /* MovieDetailViewController.swift */,
			);
			path = Controllers;
			sourceTree = "<group>";
		};
/* End PBXGroup section */

/* Begin PBXNativeTarget section */
		C6ED48D729DE844A0005D25F /* NetflixClone */ = {
			isa = PBXNativeTarget;
			buildConfigurationList = C6ED48EC29DE844C0005D25F /* Build configuration list for PBXNativeTarget "NetflixClone" */;
			buildPhases = (
				262F6609A77A113A20A32DB1 /* [CP] Check Pods Manifest.lock */,
				C6ED48D429DE844A0005D25F /* Sources */,
				C6ED48D529DE844A0005D25F /* Frameworks */,
				C6ED48D629DE844A0005D25F /* Resources */,
				5B35EB2840F6168451D5A477 /* [CP] Embed Pods Frameworks */,
			);
			buildRules = (
			);
			dependencies = (
			);
			name = NetflixClone;
			packageProductDependencies = (
				C64C33B229E7C41000029ABC /* SDWebImage */,
			);
			productName = NetflixClone;
			productReference = C6ED48D829DE844A0005D25F /* NetflixClone.app */;
			productType = "com.apple.product-type.application";
		};
/* End PBXNativeTarget section */

/* Begin PBXProject section */
		C6ED48D029DE844A0005D25F /* Project object */ = {
			isa = PBXProject;
			attributes = {
				BuildIndependentTargetsInParallel = 1;
				LastSwiftUpdateCheck = 1400;
				LastUpgradeCheck = 1400;
				TargetAttributes = {
					C6ED48D729DE844A0005D25F = {
						CreatedOnToolsVersion = 14.0.1;
					};
				};
			};
			buildConfigurationList = C6ED48D329DE844A0005D25F /* Build configuration list for PBXProject "NetflixClone" */;
			compatibilityVersion = "Xcode 14.0";
			developmentRegion = en;
			hasScannedForEncodings = 0;
			knownRegions = (
				en,
				Base,
			);
			mainGroup = C6ED48CF29DE844A0005D25F;
			packageReferences = (
				C64C33B129E7C41000029ABC /* XCRemoteSwiftPackageReference "SDWebImage" */,
			);
			productRefGroup = C6ED48D929DE844A0005D25F /* Products */;
			projectDirPath = "";
			projectRoot = "";
			targets = (
				C6ED48D729DE844A0005D25F /* NetflixClone */,
			);
		};
/* End PBXProject section */

/* Begin PBXResourcesBuildPhase section */
		C6ED48D629DE844A0005D25F /* Resources */ = {
			isa = PBXResourcesBuildPhase;
			buildActionMask = 2147483647;
			files = (
				C64C33A229E6881100029ABC /* MovieDetailViewController.xib in Resources */,
				C6ED48E829DE844C0005D25F /* LaunchScreen.storyboard in Resources */,
				C61066A629E39F1A003448A0 /* GoogleService-Info.plist in Resources */,
				C6EBD81B2A00C6AB00E27F14 /* GenreMoviesViewController.xib in Resources */,
				C637E61C29FFDA1700896DFB /* LoginViewController.xib in Resources */,
				C64C33A729E6945100029ABC /* MovieDetailTableViewCell.xib in Resources */,
				C6FB28D329E651C600221FB5 /* ProfileHeaderTableCell.xib in Resources */,
				C637E6292A0018C800896DFB /* SearchResultViewController.xib in Resources */,
				C6ED48E529DE844C0005D25F /* Assets.xcassets in Resources */,
				C6ED48E329DE844A0005D25F /* Main.storyboard in Resources */,
				C6FB28DE29E673CF00221FB5 /* FooterTableCell.xib in Resources */,
				C6CEAB4F2A04B96C00E8F02D /* SearchResultCollectionCell.xib in Resources */,
				C6FB28E329E67F4A00221FB5 /* SavedViewController.xib in Resources */,
				C637E62229FFDA3600896DFB /* SignUpViewController.xib in Resources */,
				C6D54C2529F834B50034C72A /* ViewAllMoviesTableCell.xib in Resources */,
				C6ED490529DE8A430005D25F /* ProfileViewController.xib in Resources */,
				C6ED490029DE8A1A0005D25F /* HomeViewController.xib in Resources */,
				C61066AF29E3BFDD003448A0 /* MovieCollectionViewCell.xib in Resources */,
				C6D54C1F29F833D90034C72A /* ViewAllViewController.xib in Resources */,
				C6F6615B2A02549C00B09679 /* SearchTableCell.xib in Resources */,
				C6FB28BE29E63E6F00221FB5 /* GenreCollectionViewCell.xib in Resources */,
				C6FB28B329E53A9100221FB5 /* MainTableCell.xib in Resources */,
				C6FB28D829E666CF00221FB5 /* SettingTableCell.xib in Resources */,
			);
			runOnlyForDeploymentPostprocessing = 0;
		};
/* End PBXResourcesBuildPhase section */

/* Begin PBXShellScriptBuildPhase section */
		262F6609A77A113A20A32DB1 /* [CP] Check Pods Manifest.lock */ = {
			isa = PBXShellScriptBuildPhase;
			buildActionMask = 2147483647;
			files = (
			);
			inputFileListPaths = (
			);
			inputPaths = (
				"${PODS_PODFILE_DIR_PATH}/Podfile.lock",
				"${PODS_ROOT}/Manifest.lock",
			);
			name = "[CP] Check Pods Manifest.lock";
			outputFileListPaths = (
			);
			outputPaths = (
				"$(DERIVED_FILE_DIR)/Pods-NetflixClone-checkManifestLockResult.txt",
			);
			runOnlyForDeploymentPostprocessing = 0;
			shellPath = /bin/sh;
			shellScript = "diff \"${PODS_PODFILE_DIR_PATH}/Podfile.lock\" \"${PODS_ROOT}/Manifest.lock\" > /dev/null\nif [ $? != 0 ] ; then\n    # print error to STDERR\n    echo \"error: The sandbox is not in sync with the Podfile.lock. Run 'pod install' or update your CocoaPods installation.\" >&2\n    exit 1\nfi\n# This output is used by Xcode 'outputs' to avoid re-running this script phase.\necho \"SUCCESS\" > \"${SCRIPT_OUTPUT_FILE_0}\"\n";
			showEnvVarsInLog = 0;
		};
		5B35EB2840F6168451D5A477 /* [CP] Embed Pods Frameworks */ = {
			isa = PBXShellScriptBuildPhase;
			buildActionMask = 2147483647;
			files = (
			);
			inputFileListPaths = (
				"${PODS_ROOT}/Target Support Files/Pods-NetflixClone/Pods-NetflixClone-frameworks-${CONFIGURATION}-input-files.xcfilelist",
			);
			name = "[CP] Embed Pods Frameworks";
			outputFileListPaths = (
				"${PODS_ROOT}/Target Support Files/Pods-NetflixClone/Pods-NetflixClone-frameworks-${CONFIGURATION}-output-files.xcfilelist",
			);
			runOnlyForDeploymentPostprocessing = 0;
			shellPath = /bin/sh;
			shellScript = "\"${PODS_ROOT}/Target Support Files/Pods-NetflixClone/Pods-NetflixClone-frameworks.sh\"\n";
			showEnvVarsInLog = 0;
		};
/* End PBXShellScriptBuildPhase section */

/* Begin PBXSourcesBuildPhase section */
		C6ED48D429DE844A0005D25F /* Sources */ = {
			isa = PBXSourcesBuildPhase;
			buildActionMask = 2147483647;
			files = (
				C64C33B529E933CB00029ABC /* Genre.swift in Sources */,
				C6FB28BD29E63E6F00221FB5 /* GenreCollectionViewCell.swift in Sources */,
				C6F6615A2A02549C00B09679 /* SearchTableCell.swift in Sources */,
				C6FB28D729E666CF00221FB5 /* SettingTableCell.swift in Sources */,
				C6D54C2429F834B50034C72A /* ViewAllMoviesTableCell.swift in Sources */,
				C61066A429E2AC4C003448A0 /* MainTableCell.swift in Sources */,
				C6F6614E2A0245C400B09679 /* UISearchBar.swift in Sources */,
				C6FB28B529E53E5200221FB5 /* DynamicHeightCollectionView.swift in Sources */,
				C6FB28C829E648FC00221FB5 /* SearchViewController.swift in Sources */,
				C6C9EECD29F9720300759A6A /* ViewAllViewModel.swift in Sources */,
				C6EBD81A2A00C6AB00E27F14 /* GenreMoviesViewController.swift in Sources */,
				C637E61E29FFDA2700896DFB /* LoginViewModel.swift in Sources */,
				C6DED6CB2A03980B00C4E586 /* Utilities.swift in Sources */,
				C61066A829E3B213003448A0 /* SectionCellHeader.swift in Sources */,
				C6FB28D229E651C600221FB5 /* ProfileHeaderTableCell.swift in Sources */,
				C6ED490429DE8A430005D25F /* ProfileViewController.swift in Sources */,
				C6D54C1E29F833D90034C72A /* ViewAllViewController.swift in Sources */,
				C6D54C2729F844EB0034C72A /* UIViewController+UIGestureRecognizerDelegate.swift in Sources */,
				C6ED48FF29DE8A1A0005D25F /* HomeViewController.swift in Sources */,
				C6FB28E229E67F4A00221FB5 /* SavedViewController.swift in Sources */,
				C64C33AB29E7984200029ABC /* Item.swift in Sources */,
				C64C33B829E946DB00029ABC /* MovieDetailViewModel.swift in Sources */,
				C61066AA29E3B98F003448A0 /* HeroHeaderView.swift in Sources */,
				C6ED48E029DE844A0005D25F /* ViewController.swift in Sources */,
				C61066B529E3F094003448A0 /* RightNavBarItems.swift in Sources */,
				C6ED48FB29DE88590005D25F /* TabBarController.swift in Sources */,
				C6FB28BA29E63E1500221FB5 /* GenresTableCell.swift in Sources */,
				C61066AE29E3BFDD003448A0 /* MovieCollectionViewCell.swift in Sources */,
				C637E62429FFDA4700896DFB /* SignUpViewModel.swift in Sources */,
				C636120929F0555D004335E3 /* APIConfig.swift in Sources */,
				C61066B729E3F0A9003448A0 /* LeftNavBarItems.swift in Sources */,
				C6ED48DC29DE844A0005D25F /* AppDelegate.swift in Sources */,
				C6F661522A0250F700B09679 /* CircularScoreBar.swift in Sources */,
				C6EBD81D2A00C76400E27F14 /* GenreMoviesViewModel.swift in Sources */,
				C6FB28B129E5192C00221FB5 /* NavigationBarGradientView.swift in Sources */,
				C6ED48DE29DE844A0005D25F /* SceneDelegate.swift in Sources */,
				C6F661572A02546800B09679 /* SearchViewModel.swift in Sources */,
				C637E61B29FFDA1700896DFB /* LoginViewController.swift in Sources */,
				C64C33AE29E7A30B00029ABC /* HomeViewModel.swift in Sources */,
				C64C33A029E687BA00029ABC /* MovieDetailViewController.swift in Sources */,
				C60922732A06511E0076E7E8 /* SearchResultCollectionSectionCell.swift in Sources */,
				C636120729F05280004335E3 /* MovieTrailer.swift in Sources */,
				C64C33A629E6945100029ABC /* MovieDetailTableViewCell.swift in Sources */,
				C64C33A929E797CA00029ABC /* APIService.swift in Sources */,
				C6FB28DD29E673CF00221FB5 /* FooterTableCell.swift in Sources */,
				C637E6282A0018C800896DFB /* SearchResultViewController.swift in Sources */,
				C6CEAB4E2A04B96C00E8F02D /* SearchResultCollectionCell.swift in Sources */,
				C637E62129FFDA3600896DFB /* SignUpViewController.swift in Sources */,
			);
			runOnlyForDeploymentPostprocessing = 0;
		};
/* End PBXSourcesBuildPhase section */

/* Begin PBXVariantGroup section */
		C6ED48E129DE844A0005D25F /* Main.storyboard */ = {
			isa = PBXVariantGroup;
			children = (
				C6ED48E229DE844A0005D25F /* Base */,
			);
			name = Main.storyboard;
			sourceTree = "<group>";
		};
		C6ED48E629DE844C0005D25F /* LaunchScreen.storyboard */ = {
			isa = PBXVariantGroup;
			children = (
				C6ED48E729DE844C0005D25F /* Base */,
			);
			name = LaunchScreen.storyboard;
			sourceTree = "<group>";
		};
/* End PBXVariantGroup section */

/* Begin XCBuildConfiguration section */
		C6ED48EA29DE844C0005D25F /* Debug */ = {
			isa = XCBuildConfiguration;
			buildSettings = {
				ALWAYS_SEARCH_USER_PATHS = NO;
				CLANG_ANALYZER_NONNULL = YES;
				CLANG_ANALYZER_NUMBER_OBJECT_CONVERSION = YES_AGGRESSIVE;
				CLANG_CXX_LANGUAGE_STANDARD = "gnu++20";
				CLANG_ENABLE_MODULES = YES;
				CLANG_ENABLE_OBJC_ARC = YES;
				CLANG_ENABLE_OBJC_WEAK = YES;
				CLANG_WARN_BLOCK_CAPTURE_AUTORELEASING = YES;
				CLANG_WARN_BOOL_CONVERSION = YES;
				CLANG_WARN_COMMA = YES;
				CLANG_WARN_CONSTANT_CONVERSION = YES;
				CLANG_WARN_DEPRECATED_OBJC_IMPLEMENTATIONS = YES;
				CLANG_WARN_DIRECT_OBJC_ISA_USAGE = YES_ERROR;
				CLANG_WARN_DOCUMENTATION_COMMENTS = YES;
				CLANG_WARN_EMPTY_BODY = YES;
				CLANG_WARN_ENUM_CONVERSION = YES;
				CLANG_WARN_INFINITE_RECURSION = YES;
				CLANG_WARN_INT_CONVERSION = YES;
				CLANG_WARN_NON_LITERAL_NULL_CONVERSION = YES;
				CLANG_WARN_OBJC_IMPLICIT_RETAIN_SELF = YES;
				CLANG_WARN_OBJC_LITERAL_CONVERSION = YES;
				CLANG_WARN_OBJC_ROOT_CLASS = YES_ERROR;
				CLANG_WARN_QUOTED_INCLUDE_IN_FRAMEWORK_HEADER = YES;
				CLANG_WARN_RANGE_LOOP_ANALYSIS = YES;
				CLANG_WARN_STRICT_PROTOTYPES = YES;
				CLANG_WARN_SUSPICIOUS_MOVE = YES;
				CLANG_WARN_UNGUARDED_AVAILABILITY = YES_AGGRESSIVE;
				CLANG_WARN_UNREACHABLE_CODE = YES;
				CLANG_WARN__DUPLICATE_METHOD_MATCH = YES;
				COPY_PHASE_STRIP = NO;
				DEBUG_INFORMATION_FORMAT = dwarf;
				ENABLE_STRICT_OBJC_MSGSEND = YES;
				ENABLE_TESTABILITY = YES;
				GCC_C_LANGUAGE_STANDARD = gnu11;
				GCC_DYNAMIC_NO_PIC = NO;
				GCC_NO_COMMON_BLOCKS = YES;
				GCC_OPTIMIZATION_LEVEL = 0;
				GCC_PREPROCESSOR_DEFINITIONS = (
					"DEBUG=1",
					"$(inherited)",
				);
				GCC_WARN_64_TO_32_BIT_CONVERSION = YES;
				GCC_WARN_ABOUT_RETURN_TYPE = YES_ERROR;
				GCC_WARN_UNDECLARED_SELECTOR = YES;
				GCC_WARN_UNINITIALIZED_AUTOS = YES_AGGRESSIVE;
				GCC_WARN_UNUSED_FUNCTION = YES;
				GCC_WARN_UNUSED_VARIABLE = YES;
				IPHONEOS_DEPLOYMENT_TARGET = 16.0;
				MTL_ENABLE_DEBUG_INFO = INCLUDE_SOURCE;
				MTL_FAST_MATH = YES;
				ONLY_ACTIVE_ARCH = YES;
				SDKROOT = iphoneos;
				SWIFT_ACTIVE_COMPILATION_CONDITIONS = DEBUG;
				SWIFT_OPTIMIZATION_LEVEL = "-Onone";
			};
			name = Debug;
		};
		C6ED48EB29DE844C0005D25F /* Release */ = {
			isa = XCBuildConfiguration;
			buildSettings = {
				ALWAYS_SEARCH_USER_PATHS = NO;
				CLANG_ANALYZER_NONNULL = YES;
				CLANG_ANALYZER_NUMBER_OBJECT_CONVERSION = YES_AGGRESSIVE;
				CLANG_CXX_LANGUAGE_STANDARD = "gnu++20";
				CLANG_ENABLE_MODULES = YES;
				CLANG_ENABLE_OBJC_ARC = YES;
				CLANG_ENABLE_OBJC_WEAK = YES;
				CLANG_WARN_BLOCK_CAPTURE_AUTORELEASING = YES;
				CLANG_WARN_BOOL_CONVERSION = YES;
				CLANG_WARN_COMMA = YES;
				CLANG_WARN_CONSTANT_CONVERSION = YES;
				CLANG_WARN_DEPRECATED_OBJC_IMPLEMENTATIONS = YES;
				CLANG_WARN_DIRECT_OBJC_ISA_USAGE = YES_ERROR;
				CLANG_WARN_DOCUMENTATION_COMMENTS = YES;
				CLANG_WARN_EMPTY_BODY = YES;
				CLANG_WARN_ENUM_CONVERSION = YES;
				CLANG_WARN_INFINITE_RECURSION = YES;
				CLANG_WARN_INT_CONVERSION = YES;
				CLANG_WARN_NON_LITERAL_NULL_CONVERSION = YES;
				CLANG_WARN_OBJC_IMPLICIT_RETAIN_SELF = YES;
				CLANG_WARN_OBJC_LITERAL_CONVERSION = YES;
				CLANG_WARN_OBJC_ROOT_CLASS = YES_ERROR;
				CLANG_WARN_QUOTED_INCLUDE_IN_FRAMEWORK_HEADER = YES;
				CLANG_WARN_RANGE_LOOP_ANALYSIS = YES;
				CLANG_WARN_STRICT_PROTOTYPES = YES;
				CLANG_WARN_SUSPICIOUS_MOVE = YES;
				CLANG_WARN_UNGUARDED_AVAILABILITY = YES_AGGRESSIVE;
				CLANG_WARN_UNREACHABLE_CODE = YES;
				CLANG_WARN__DUPLICATE_METHOD_MATCH = YES;
				COPY_PHASE_STRIP = NO;
				DEBUG_INFORMATION_FORMAT = "dwarf-with-dsym";
				ENABLE_NS_ASSERTIONS = NO;
				ENABLE_STRICT_OBJC_MSGSEND = YES;
				GCC_C_LANGUAGE_STANDARD = gnu11;
				GCC_NO_COMMON_BLOCKS = YES;
				GCC_WARN_64_TO_32_BIT_CONVERSION = YES;
				GCC_WARN_ABOUT_RETURN_TYPE = YES_ERROR;
				GCC_WARN_UNDECLARED_SELECTOR = YES;
				GCC_WARN_UNINITIALIZED_AUTOS = YES_AGGRESSIVE;
				GCC_WARN_UNUSED_FUNCTION = YES;
				GCC_WARN_UNUSED_VARIABLE = YES;
				IPHONEOS_DEPLOYMENT_TARGET = 16.0;
				MTL_ENABLE_DEBUG_INFO = NO;
				MTL_FAST_MATH = YES;
				SDKROOT = iphoneos;
				SWIFT_COMPILATION_MODE = wholemodule;
				SWIFT_OPTIMIZATION_LEVEL = "-O";
				VALIDATE_PRODUCT = YES;
			};
			name = Release;
		};
		C6ED48ED29DE844C0005D25F /* Debug */ = {
			isa = XCBuildConfiguration;
			baseConfigurationReference = 3C8200695D2684E1089027DF /* Pods-NetflixClone.debug.xcconfig */;
			buildSettings = {
				ASSETCATALOG_COMPILER_APPICON_NAME = AppIcon;
				ASSETCATALOG_COMPILER_GLOBAL_ACCENT_COLOR_NAME = AccentColor;
				CODE_SIGN_STYLE = Automatic;
				CURRENT_PROJECT_VERSION = 1;
				DEVELOPMENT_TEAM = 42F2NQF94Z;
				GENERATE_INFOPLIST_FILE = YES;
				INFOPLIST_FILE = NetflixClone/Info.plist;
				INFOPLIST_KEY_UIApplicationSupportsIndirectInputEvents = YES;
				INFOPLIST_KEY_UILaunchStoryboardName = LaunchScreen;
				INFOPLIST_KEY_UIMainStoryboardFile = Main;
				INFOPLIST_KEY_UISupportedInterfaceOrientations = UIInterfaceOrientationPortrait;
				INFOPLIST_KEY_UISupportedInterfaceOrientations_iPad = "UIInterfaceOrientationPortrait UIInterfaceOrientationPortraitUpsideDown";
				IPHONEOS_DEPLOYMENT_TARGET = 15.0;
				LD_RUNPATH_SEARCH_PATHS = (
					"$(inherited)",
					"@executable_path/Frameworks",
				);
				MARKETING_VERSION = 1.0;
				PRODUCT_BUNDLE_IDENTIFIER = Aufar.NetflixClone;
				PRODUCT_NAME = "$(TARGET_NAME)";
				SWIFT_EMIT_LOC_STRINGS = YES;
				SWIFT_VERSION = 5.0;
				TARGETED_DEVICE_FAMILY = "1,2";
			};
			name = Debug;
		};
		C6ED48EE29DE844C0005D25F /* Release */ = {
			isa = XCBuildConfiguration;
			baseConfigurationReference = B1593A984EAC966AAD114464 /* Pods-NetflixClone.release.xcconfig */;
			buildSettings = {
				ASSETCATALOG_COMPILER_APPICON_NAME = AppIcon;
				ASSETCATALOG_COMPILER_GLOBAL_ACCENT_COLOR_NAME = AccentColor;
				CODE_SIGN_STYLE = Automatic;
				CURRENT_PROJECT_VERSION = 1;
				DEVELOPMENT_TEAM = 42F2NQF94Z;
				GENERATE_INFOPLIST_FILE = YES;
				INFOPLIST_FILE = NetflixClone/Info.plist;
				INFOPLIST_KEY_UIApplicationSupportsIndirectInputEvents = YES;
				INFOPLIST_KEY_UILaunchStoryboardName = LaunchScreen;
				INFOPLIST_KEY_UIMainStoryboardFile = Main;
				INFOPLIST_KEY_UISupportedInterfaceOrientations = UIInterfaceOrientationPortrait;
				INFOPLIST_KEY_UISupportedInterfaceOrientations_iPad = "UIInterfaceOrientationPortrait UIInterfaceOrientationPortraitUpsideDown";
				IPHONEOS_DEPLOYMENT_TARGET = 15.0;
				LD_RUNPATH_SEARCH_PATHS = (
					"$(inherited)",
					"@executable_path/Frameworks",
				);
				MARKETING_VERSION = 1.0;
				PRODUCT_BUNDLE_IDENTIFIER = Aufar.NetflixClone;
				PRODUCT_NAME = "$(TARGET_NAME)";
				SWIFT_EMIT_LOC_STRINGS = YES;
				SWIFT_VERSION = 5.0;
				TARGETED_DEVICE_FAMILY = "1,2";
			};
			name = Release;
		};
/* End XCBuildConfiguration section */

/* Begin XCConfigurationList section */
		C6ED48D329DE844A0005D25F /* Build configuration list for PBXProject "NetflixClone" */ = {
			isa = XCConfigurationList;
			buildConfigurations = (
				C6ED48EA29DE844C0005D25F /* Debug */,
				C6ED48EB29DE844C0005D25F /* Release */,
			);
			defaultConfigurationIsVisible = 0;
			defaultConfigurationName = Release;
		};
		C6ED48EC29DE844C0005D25F /* Build configuration list for PBXNativeTarget "NetflixClone" */ = {
			isa = XCConfigurationList;
			buildConfigurations = (
				C6ED48ED29DE844C0005D25F /* Debug */,
				C6ED48EE29DE844C0005D25F /* Release */,
			);
			defaultConfigurationIsVisible = 0;
			defaultConfigurationName = Release;
		};
/* End XCConfigurationList section */

/* Begin XCRemoteSwiftPackageReference section */
		C64C33B129E7C41000029ABC /* XCRemoteSwiftPackageReference "SDWebImage" */ = {
			isa = XCRemoteSwiftPackageReference;
			repositoryURL = "https://github.com/SDWebImage/SDWebImage.git";
			requirement = {
				kind = versionRange;
				maximumVersion = 6.0.0;
				minimumVersion = 5.0.0;
			};
		};
/* End XCRemoteSwiftPackageReference section */

/* Begin XCSwiftPackageProductDependency section */
		C64C33B229E7C41000029ABC /* SDWebImage */ = {
			isa = XCSwiftPackageProductDependency;
			package = C64C33B129E7C41000029ABC /* XCRemoteSwiftPackageReference "SDWebImage" */;
			productName = SDWebImage;
		};
/* End XCSwiftPackageProductDependency section */
	};
	rootObject = C6ED48D029DE844A0005D25F /* Project object */;
}
